
Microsoft Visual Studio Solution File, Format Version 12.00
# Visual Studio Version 16
VisualStudioVersion = 16.0.31729.503
MinimumVisualStudioVersion = 10.0.40219.1
Project("{FAE04EC0-301F-11D3-BF4B-00C04F79EFBC}") = "CapaPresentacion", "CapaPresentacion\CapaPresentacion.csproj", "{9F06AFC6-4C70-43BE-BAE4-3E1E60FA5676}"
EndProject
Project("{FAE04EC0-301F-11D3-BF4B-00C04F79EFBC}") = "CapaDatos", "CapaDatos\CapaDatos.csproj", "{534A686D-B09B-4A40-A86A-97602251BE6F}"
EndProject
Project("{FAE04EC0-301F-11D3-BF4B-00C04F79EFBC}") = "CapaNegocio", "CapaNegocio\CapaNegocio.csproj", "{38D1504F-47C3-4C4B-A281-D7DCEE719C9A}"
EndProject
Global
	GlobalSection(SolutionConfigurationPlatforms) = preSolution
		Debug|Any CPU = Debug|Any CPU
		Release|Any CPU = Release|Any CPU
	EndGlobalSection
	GlobalSection(ProjectConfigurationPlatforms) = postSolution
		{9F06AFC6-4C70-43BE-BAE4-3E1E60FA5676}.Debug|Any CPU.ActiveCfg = Debug|Any CPU
		{9F06AFC6-4C70-43BE-BAE4-3E1E60FA5676}.Debug|Any CPU.Build.0 = Debug|Any CPU
		{9F06AFC6-4C70-43BE-BAE4-3E1E60FA5676}.Release|Any CPU.ActiveCfg = Release|Any CPU
		{9F06AFC6-4C70-43BE-BAE4-3E1E60FA5676}.Release|Any CPU.Build.0 = Release|Any CPU
		{534A686D-B09B-4A40-A86A-97602251BE6F}.Debug|Any CPU.ActiveCfg = Debug|Any CPU
		{534A686D-B09B-4A40-A86A-97602251BE6F}.Debug|Any CPU.Build.0 = Debug|Any CPU
		{534A686D-B09B-4A40-A86A-97602251BE6F}.Release|Any CPU.ActiveCfg = Release|Any CPU
		{534A686D-B09B-4A40-A86A-97602251BE6F}.Release|Any CPU.Build.0 = Release|Any CPU
		{38D1504F-47C3-4C4B-A281-D7DCEE719C9A}.Debug|Any CPU.ActiveCfg = Debug|Any CPU
		{38D1504F-47C3-4C4B-A281-D7DCEE719C9A}.Debug|Any CPU.Build.0 = Debug|Any CPU
		{38D1504F-47C3-4C4B-A281-D7DCEE719C9A}.Release|Any CPU.ActiveCfg = Release|Any CPU
		{38D1504F-47C3-4C4B-A281-D7DCEE719C9A}.Release|Any CPU.Build.0 = Release|Any CPU
	EndGlobalSection
	GlobalSection(SolutionProperties) = preSolution
		HideSolutionNode = FALSE
	EndGlobalSection
	GlobalSection(ExtensibilityGlobals) = postSolution
		SolutionGuid = {30E202A9-FDA9-4D5D-8E7E-8990F9B3B74B}
	EndGlobalSection
EndGlobal
